
Microsoft Visual Studio Solution File, Format Version 12.00
# Visual Studio 15
VisualStudioVersion = 15.0.27130.2036
MinimumVisualStudioVersion = 10.0.40219.1
Project("{FAE04EC0-301F-11D3-BF4B-00C04F79EFBC}") = "Testing.Database", "Testing.Database\Testing.Database.csproj", "{5A6366E2-38B0-4CB7-A2A8-B8E997BAC721}"
EndProject
Project("{FAE04EC0-301F-11D3-BF4B-00C04F79EFBC}") = "Testing.Runner", "Testing.Runner\Testing.Runner.csproj", "{3F2A8B24-8E40-41D3-84B7-79E9C51BD797}"
EndProject
Project("{FAE04EC0-301F-11D3-BF4B-00C04F79EFBC}") = "CLinq", "CLinq\CLinq.csproj", "{BE1530A2-64EE-48DC-ACE6-0555446957C7}"
EndProject
Project("{2150E333-8FDC-42A3-9474-1A3956D46DE8}") = "Testing", "Testing", "{26591ACF-600E-413B-B6A7-1AF432465350}"
EndProject
Project("{2150E333-8FDC-42A3-9474-1A3956D46DE8}") = "SolutionItems", "SolutionItems", "{4AAB9A47-BFF8-4927-93D5-004849D6776E}"
	ProjectSection(SolutionItems) = preProject
		LICENSE = LICENSE
		README.md = README.md
	EndProjectSection
EndProject
Global
	GlobalSection(SolutionConfigurationPlatforms) = preSolution
		Debug|Any CPU = Debug|Any CPU
		Release|Any CPU = Release|Any CPU
	EndGlobalSection
	GlobalSection(ProjectConfigurationPlatforms) = postSolution
		{5A6366E2-38B0-4CB7-A2A8-B8E997BAC721}.Debug|Any CPU.ActiveCfg = Debug|Any CPU
		{5A6366E2-38B0-4CB7-A2A8-B8E997BAC721}.Debug|Any CPU.Build.0 = Debug|Any CPU
		{5A6366E2-38B0-4CB7-A2A8-B8E997BAC721}.Release|Any CPU.ActiveCfg = Release|Any CPU
		{5A6366E2-38B0-4CB7-A2A8-B8E997BAC721}.Release|Any CPU.Build.0 = Release|Any CPU
		{3F2A8B24-8E40-41D3-84B7-79E9C51BD797}.Debug|Any CPU.ActiveCfg = Debug|Any CPU
		{3F2A8B24-8E40-41D3-84B7-79E9C51BD797}.Debug|Any CPU.Build.0 = Debug|Any CPU
		{3F2A8B24-8E40-41D3-84B7-79E9C51BD797}.Release|Any CPU.ActiveCfg = Release|Any CPU
		{3F2A8B24-8E40-41D3-84B7-79E9C51BD797}.Release|Any CPU.Build.0 = Release|Any CPU
		{BE1530A2-64EE-48DC-ACE6-0555446957C7}.Debug|Any CPU.ActiveCfg = Debug|Any CPU
		{BE1530A2-64EE-48DC-ACE6-0555446957C7}.Debug|Any CPU.Build.0 = Debug|Any CPU
		{BE1530A2-64EE-48DC-ACE6-0555446957C7}.Release|Any CPU.ActiveCfg = Release|Any CPU
		{BE1530A2-64EE-48DC-ACE6-0555446957C7}.Release|Any CPU.Build.0 = Release|Any CPU
	EndGlobalSection
	GlobalSection(SolutionProperties) = preSolution
		HideSolutionNode = FALSE
	EndGlobalSection
	GlobalSection(NestedProjects) = preSolution
		{5A6366E2-38B0-4CB7-A2A8-B8E997BAC721} = {26591ACF-600E-413B-B6A7-1AF432465350}
		{3F2A8B24-8E40-41D3-84B7-79E9C51BD797} = {26591ACF-600E-413B-B6A7-1AF432465350}
	EndGlobalSection
	GlobalSection(ExtensibilityGlobals) = postSolution
		SolutionGuid = {905CA444-8FFF-408E-8C8B-00B26C6EE670}
	EndGlobalSection
EndGlobal
