
Microsoft Visual Studio Solution File, Format Version 12.00
# Visual Studio 15
VisualStudioVersion = 15.0.27130.2036
MinimumVisualStudioVersion = 10.0.40219.1
Project("{9A19103F-16F7-4668-BE54-9A1E7A4F7556}") = "Testing.Database", "Testing.Database\Testing.Database.csproj", "{5A6366E2-38B0-4CB7-A2A8-B8E997BAC721}"
EndProject
Project("{2150E333-8FDC-42A3-9474-1A3956D46DE8}") = "Testing", "Testing", "{26591ACF-600E-413B-B6A7-1AF432465350}"
EndProject
Project("{2150E333-8FDC-42A3-9474-1A3956D46DE8}") = "Solution Items", "Solution Items", "{4AAB9A47-BFF8-4927-93D5-004849D6776E}"
	ProjectSection(SolutionItems) = preProject
		build.targets = build.targets
		CLinq.nuspec = CLinq.nuspec
		LICENSE = LICENSE
		package.targets = package.targets
		README.md = README.md
	EndProjectSection
EndProject
Project("{9A19103F-16F7-4668-BE54-9A1E7A4F7556}") = "CLinq.IntegrationTests", "CLinq.IntegrationTests\CLinq.IntegrationTests.csproj", "{1F0011A9-98F6-4852-984F-FA947E76B01E}"
EndProject
Project("{9A19103F-16F7-4668-BE54-9A1E7A4F7556}") = "CLinq", "CLinq\CLinq.csproj", "{606DE427-3498-48BB-A3AA-1123F0E2F579}"
EndProject
Project("{9A19103F-16F7-4668-BE54-9A1E7A4F7556}") = "CLinq.Core", "CLinq.Core\CLinq.Core.csproj", "{444E5F1A-ADAE-40AA-AD5E-46E20C8C3876}"
EndProject
Project("{9A19103F-16F7-4668-BE54-9A1E7A4F7556}") = "CLinq.EF6", "CLinq.EF6\CLinq.EF6.csproj", "{23DAC766-080E-4C47-B0B5-9BB7B6775099}"
EndProject
Project("{9A19103F-16F7-4668-BE54-9A1E7A4F7556}") = "CLinq.EFCore1", "CLinq.EFCore1\CLinq.EFCore1.csproj", "{9B1DE67C-5BD0-46C8-8670-A6246EF1EAF3}"
EndProject
Project("{9A19103F-16F7-4668-BE54-9A1E7A4F7556}") = "CLinq.EFCore2", "CLinq.EFCore2\CLinq.EFCore2.csproj", "{5977CCFD-0CC7-46EC-97B9-B66534D642F3}"
EndProject
Global
	GlobalSection(SolutionConfigurationPlatforms) = preSolution
		Debug|Any CPU = Debug|Any CPU
		Release|Any CPU = Release|Any CPU
	EndGlobalSection
	GlobalSection(ProjectConfigurationPlatforms) = postSolution
		{5A6366E2-38B0-4CB7-A2A8-B8E997BAC721}.Debug|Any CPU.ActiveCfg = Debug|Any CPU
		{5A6366E2-38B0-4CB7-A2A8-B8E997BAC721}.Debug|Any CPU.Build.0 = Debug|Any CPU
		{5A6366E2-38B0-4CB7-A2A8-B8E997BAC721}.Release|Any CPU.ActiveCfg = Release|Any CPU
		{5A6366E2-38B0-4CB7-A2A8-B8E997BAC721}.Release|Any CPU.Build.0 = Release|Any CPU
		{1F0011A9-98F6-4852-984F-FA947E76B01E}.Debug|Any CPU.ActiveCfg = Debug|Any CPU
		{1F0011A9-98F6-4852-984F-FA947E76B01E}.Debug|Any CPU.Build.0 = Debug|Any CPU
		{1F0011A9-98F6-4852-984F-FA947E76B01E}.Release|Any CPU.ActiveCfg = Release|Any CPU
		{1F0011A9-98F6-4852-984F-FA947E76B01E}.Release|Any CPU.Build.0 = Release|Any CPU
		{606DE427-3498-48BB-A3AA-1123F0E2F579}.Debug|Any CPU.ActiveCfg = Debug|Any CPU
		{606DE427-3498-48BB-A3AA-1123F0E2F579}.Debug|Any CPU.Build.0 = Debug|Any CPU
		{606DE427-3498-48BB-A3AA-1123F0E2F579}.Release|Any CPU.ActiveCfg = Release|Any CPU
		{606DE427-3498-48BB-A3AA-1123F0E2F579}.Release|Any CPU.Build.0 = Release|Any CPU
		{444E5F1A-ADAE-40AA-AD5E-46E20C8C3876}.Debug|Any CPU.ActiveCfg = Debug|Any CPU
		{444E5F1A-ADAE-40AA-AD5E-46E20C8C3876}.Debug|Any CPU.Build.0 = Debug|Any CPU
		{444E5F1A-ADAE-40AA-AD5E-46E20C8C3876}.Release|Any CPU.ActiveCfg = Release|Any CPU
		{444E5F1A-ADAE-40AA-AD5E-46E20C8C3876}.Release|Any CPU.Build.0 = Release|Any CPU
		{23DAC766-080E-4C47-B0B5-9BB7B6775099}.Debug|Any CPU.ActiveCfg = Debug|Any CPU
		{23DAC766-080E-4C47-B0B5-9BB7B6775099}.Debug|Any CPU.Build.0 = Debug|Any CPU
		{23DAC766-080E-4C47-B0B5-9BB7B6775099}.Release|Any CPU.ActiveCfg = Release|Any CPU
		{23DAC766-080E-4C47-B0B5-9BB7B6775099}.Release|Any CPU.Build.0 = Release|Any CPU
		{9B1DE67C-5BD0-46C8-8670-A6246EF1EAF3}.Debug|Any CPU.ActiveCfg = Debug|Any CPU
		{9B1DE67C-5BD0-46C8-8670-A6246EF1EAF3}.Debug|Any CPU.Build.0 = Debug|Any CPU
		{9B1DE67C-5BD0-46C8-8670-A6246EF1EAF3}.Release|Any CPU.ActiveCfg = Release|Any CPU
		{9B1DE67C-5BD0-46C8-8670-A6246EF1EAF3}.Release|Any CPU.Build.0 = Release|Any CPU
		{5977CCFD-0CC7-46EC-97B9-B66534D642F3}.Debug|Any CPU.ActiveCfg = Debug|Any CPU
		{5977CCFD-0CC7-46EC-97B9-B66534D642F3}.Debug|Any CPU.Build.0 = Debug|Any CPU
		{5977CCFD-0CC7-46EC-97B9-B66534D642F3}.Release|Any CPU.ActiveCfg = Release|Any CPU
		{5977CCFD-0CC7-46EC-97B9-B66534D642F3}.Release|Any CPU.Build.0 = Release|Any CPU
	EndGlobalSection
	GlobalSection(SolutionProperties) = preSolution
		HideSolutionNode = FALSE
	EndGlobalSection
	GlobalSection(NestedProjects) = preSolution
		{5A6366E2-38B0-4CB7-A2A8-B8E997BAC721} = {26591ACF-600E-413B-B6A7-1AF432465350}
		{1F0011A9-98F6-4852-984F-FA947E76B01E} = {26591ACF-600E-413B-B6A7-1AF432465350}
	EndGlobalSection
	GlobalSection(ExtensibilityGlobals) = postSolution
		SolutionGuid = {905CA444-8FFF-408E-8C8B-00B26C6EE670}
	EndGlobalSection
EndGlobal
